
Microsoft Visual Studio Solution File, Format Version 12.00
# Visual Studio 2012
Project("{8BC9CEB8-8B4A-11D0-8D11-00A0C91BC942}") = "CS303Project3B_MorseCode", "CS303Project3B_MorseCode.vcxproj", "{8FA819D1-47B6-44B3-9983-AF69011C5FFA}"
EndProject
Global
	GlobalSection(SolutionConfigurationPlatforms) = preSolution
		Debug|Win32 = Debug|Win32
		Release|Win32 = Release|Win32
	EndGlobalSection
	GlobalSection(ProjectConfigurationPlatforms) = postSolution
		{8FA819D1-47B6-44B3-9983-AF69011C5FFA}.Debug|Win32.ActiveCfg = Debug|Win32
		{8FA819D1-47B6-44B3-9983-AF69011C5FFA}.Debug|Win32.Build.0 = Debug|Win32
		{8FA819D1-47B6-44B3-9983-AF69011C5FFA}.Release|Win32.ActiveCfg = Release|Win32
		{8FA819D1-47B6-44B3-9983-AF69011C5FFA}.Release|Win32.Build.0 = Release|Win32
	EndGlobalSection
	GlobalSection(SolutionProperties) = preSolution
		HideSolutionNode = FALSE
	EndGlobalSection
EndGlobal
